
Microsoft Visual Studio Solution File, Format Version 12.00
# Visual Studio 2012
Project("{FAE04EC0-301F-11D3-BF4B-00C04F79EFBC}") = "Farseer.Physics.MacOs", "Farseer Physics Engine 3.5\Farseer.Physics.MacOs.csproj", "{F494CDC6-A1EA-4DC9-A12E-1E48CCA74B61}"
EndProject
Global
	GlobalSection(SolutionConfigurationPlatforms) = preSolution
		Debug|Any CPU = Debug|Any CPU
		Release|Any CPU = Release|Any CPU
	EndGlobalSection
	GlobalSection(ProjectConfigurationPlatforms) = postSolution
		{F494CDC6-A1EA-4DC9-A12E-1E48CCA74B61}.Debug|Any CPU.ActiveCfg = Debug|Any CPU
		{F494CDC6-A1EA-4DC9-A12E-1E48CCA74B61}.Debug|Any CPU.Build.0 = Debug|Any CPU
		{F494CDC6-A1EA-4DC9-A12E-1E48CCA74B61}.Release|Any CPU.ActiveCfg = Release|Any CPU
		{F494CDC6-A1EA-4DC9-A12E-1E48CCA74B61}.Release|Any CPU.Build.0 = Release|Any CPU
	EndGlobalSection
	GlobalSection(MonoDevelopProperties) = preSolution
		StartupItem = Farseer.Physics.MacOs\Farseer.Physics.MacOs.csproj
	EndGlobalSection
EndGlobal
