
Microsoft Visual Studio Solution File, Format Version 12.00
# Visual Studio 2012
Project("{FAE04EC0-301F-11D3-BF4B-00C04F79EFBC}") = "Farseer.Physics.iOS", "Farseer Physics Engine 3.5/Farseer.Physics.iOS.csproj", "{42076F63-6E63-42DF-A143-9C14E75925FE}"
EndProject
Global
	GlobalSection(SolutionConfigurationPlatforms) = preSolution
		Debug|Any CPU = Debug|Any CPU
		Release|Any CPU = Release|Any CPU
	EndGlobalSection
	GlobalSection(ProjectConfigurationPlatforms) = postSolution
		{42076F63-6E63-42DF-A143-9C14E75925FE}.Debug|Any CPU.ActiveCfg = Debug|Any CPU
		{42076F63-6E63-42DF-A143-9C14E75925FE}.Debug|Any CPU.Build.0 = Debug|Any CPU
		{42076F63-6E63-42DF-A143-9C14E75925FE}.Release|Any CPU.ActiveCfg = Release|Any CPU
		{42076F63-6E63-42DF-A143-9C14E75925FE}.Release|Any CPU.Build.0 = Release|Any CPU
	EndGlobalSection
	GlobalSection(MonoDevelopProperties) = preSolution
		StartupItem = "Farseer Physics Engine 3.5/Farseer.Physics.iOS.csproj"
	EndGlobalSection
EndGlobal
